
Microsoft Visual Studio Solution File, Format Version 12.00
# Visual Studio Version 17
VisualStudioVersion = 17.9.34701.34
MinimumVisualStudioVersion = 10.0.40219.1
Project("{FAE04EC0-301F-11D3-BF4B-00C04F79EFBC}") = "Shopping.Client", "Shopping.Client\Shopping.Client.csproj", "{385D1313-64D1-45CD-8F12-E4790CC767B7}"
EndProject
Project("{2150E333-8FDC-42A3-9474-1A3956D46DE8}") = ".github", ".github", "{82805D20-9E7F-4203-9A5E-ED0AECC8D46E}"
EndProject
Project("{2150E333-8FDC-42A3-9474-1A3956D46DE8}") = "workflows", "workflows", "{DFCB5349-4A35-4CA6-8E38-14E970E0DA5A}"
	ProjectSection(SolutionItems) = preProject
		..\.github\workflows\PublishImageToGitHub.yml = ..\.github\workflows\PublishImageToGitHub.yml
	EndProjectSection
EndProject
Global
	GlobalSection(SolutionConfigurationPlatforms) = preSolution
		Debug|Any CPU = Debug|Any CPU
		Release|Any CPU = Release|Any CPU
	EndGlobalSection
	GlobalSection(ProjectConfigurationPlatforms) = postSolution
		{385D1313-64D1-45CD-8F12-E4790CC767B7}.Debug|Any CPU.ActiveCfg = Debug|Any CPU
		{385D1313-64D1-45CD-8F12-E4790CC767B7}.Debug|Any CPU.Build.0 = Debug|Any CPU
		{385D1313-64D1-45CD-8F12-E4790CC767B7}.Release|Any CPU.ActiveCfg = Release|Any CPU
		{385D1313-64D1-45CD-8F12-E4790CC767B7}.Release|Any CPU.Build.0 = Release|Any CPU
	EndGlobalSection
	GlobalSection(SolutionProperties) = preSolution
		HideSolutionNode = FALSE
	EndGlobalSection
	GlobalSection(NestedProjects) = preSolution
		{DFCB5349-4A35-4CA6-8E38-14E970E0DA5A} = {82805D20-9E7F-4203-9A5E-ED0AECC8D46E}
	EndGlobalSection
	GlobalSection(ExtensibilityGlobals) = postSolution
		SolutionGuid = {A0CBBA22-40D2-4F0C-84C8-0F4FCA1CC4EE}
	EndGlobalSection
EndGlobal
